
Microsoft Visual Studio Solution File, Format Version 11.00
# Visual Studio 2010
Project("{FAE04EC0-301F-11D3-BF4B-00C04F79EFBC}") = "Assembly-CSharp-Editor-vs", "Assembly-CSharp-Editor-vs.csproj", "{B43D42CF-92A5-5B83-B508-1FABE0E68C98}"
EndProject
Global
	GlobalSection(SolutionConfigurationPlatforms) = preSolution
		Debug|Any CPU = Debug|Any CPU
		Release|Any CPU = Release|Any CPU
	EndGlobalSection
	GlobalSection(ProjectConfigurationPlatforms) = postSolution
		{B43D42CF-92A5-5B83-B508-1FABE0E68C98}.Debug|Any CPU.ActiveCfg = Debug|Any CPU
		{B43D42CF-92A5-5B83-B508-1FABE0E68C98}.Debug|Any CPU.Build.0 = Debug|Any CPU
		{B43D42CF-92A5-5B83-B508-1FABE0E68C98}.Release|Any CPU.ActiveCfg = Release|Any CPU
		{B43D42CF-92A5-5B83-B508-1FABE0E68C98}.Release|Any CPU.Build.0 = Release|Any CPU
	EndGlobalSection
	GlobalSection(MonoDevelopProperties) = preSolution
		StartupItem = Assembly-CSharp-Editor-vs.csproj
	EndGlobalSection
EndGlobal
