Microsoft Visual Studio Solution File, Format Version 11.00
# Visual Studio 2008

Project("{19AC9526-05CF-D0F7-D3A5-81C913BE2184}") = "Transcension", "Assembly-CSharp-firstpass-vs.csproj", "{91C63B21-A904-8FFC-A559-449145D69984}"
EndProject
Project("{19AC9526-05CF-D0F7-D3A5-81C913BE2184}") = "Transcension", "Assembly-CSharp-vs.csproj", "{5332D209-C565-2331-4D26-0B553D601BEF}"
EndProject
Project("{19AC9526-05CF-D0F7-D3A5-81C913BE2184}") = "Transcension", "Assembly-CSharp-Editor-vs.csproj", "{B43D42CF-92A5-5B83-B508-1FABE0E68C98}"
EndProject
Global
	GlobalSection(SolutionConfigurationPlatforms) = preSolution
		Debug|Any CPU = Debug|Any CPU
		Release|Any CPU = Release|Any CPU
	EndGlobalSection
	GlobalSection(ProjectConfigurationPlatforms) = postSolution
		{91C63B21-A904-8FFC-A559-449145D69984}.Debug|Any CPU.ActiveCfg = Debug|Any CPU
		{91C63B21-A904-8FFC-A559-449145D69984}.Debug|Any CPU.Build.0 = Debug|Any CPU
		{91C63B21-A904-8FFC-A559-449145D69984}.Release|Any CPU.ActiveCfg = Release|Any CPU
		{91C63B21-A904-8FFC-A559-449145D69984}.Release|Any CPU.Build.0 = Release|Any CPU
		{5332D209-C565-2331-4D26-0B553D601BEF}.Debug|Any CPU.ActiveCfg = Debug|Any CPU
		{5332D209-C565-2331-4D26-0B553D601BEF}.Debug|Any CPU.Build.0 = Debug|Any CPU
		{5332D209-C565-2331-4D26-0B553D601BEF}.Release|Any CPU.ActiveCfg = Release|Any CPU
		{5332D209-C565-2331-4D26-0B553D601BEF}.Release|Any CPU.Build.0 = Release|Any CPU
		{B43D42CF-92A5-5B83-B508-1FABE0E68C98}.Debug|Any CPU.ActiveCfg = Debug|Any CPU
		{B43D42CF-92A5-5B83-B508-1FABE0E68C98}.Debug|Any CPU.Build.0 = Debug|Any CPU
		{B43D42CF-92A5-5B83-B508-1FABE0E68C98}.Release|Any CPU.ActiveCfg = Release|Any CPU
		{B43D42CF-92A5-5B83-B508-1FABE0E68C98}.Release|Any CPU.Build.0 = Release|Any CPU
	EndGlobalSection
	GlobalSection(SolutionProperties) = preSolution
		HideSolutionNode = FALSE
	EndGlobalSection
																																																																											GlobalSection(MonoDevelopProperties) = preSolution
=======
																																																																			GlobalSection(MonoDevelopProperties) = preSolution
>>>>>>> 4dc69985bd335f0692f84f530e82348a9e76a8b3
=======
																																																											GlobalSection(MonoDevelopProperties) = preSolution
>>>>>>> 479226cb27a0429d58a257096db38f117625556f
		StartupItem = Assembly-CSharp.csproj
		Policies = $0
		$0.TextStylePolicy = $1
		$1.inheritsSet = Mono
		$1.inheritsScope = text/plain
		$1.scope = text/x-csharp
		$0.CSharpFormattingPolicy = $2
		$2.inheritsSet = Mono
		$2.inheritsScope = text/x-csharp
		$2.scope = text/x-csharp
		$0.TextStylePolicy = $3
		$3.FileWidth = 120
		$3.TabWidth = 4
		$3.EolMarker = Unix
		$3.inheritsSet = Mono
		$3.inheritsScope = text/plain
		$3.scope = text/plain
	EndGlobalSection

EndGlobal
